
Microsoft Visual Studio Solution File, Format Version 12.00
# Visual Studio Version 17
VisualStudioVersion = 17.2.32630.192
MinimumVisualStudioVersion = 10.0.40219.1
Project("{9A19103F-16F7-4668-BE54-9A1E7A4F7556}") = "LaptopShopApp", "LaptopShopApp\LaptopShopApp.csproj", "{883AA9F1-30B0-40B3-AA50-C7A461362BC0}"
EndProject
Project("{9A19103F-16F7-4668-BE54-9A1E7A4F7556}") = "LaptopShopApp.Infrastructure", "LaptopShopApp.Infrastructure\LaptopShopApp.Infrastructure.csproj", "{562E4361-7247-4E43-8E9B-C78AD5BCE783}"
EndProject
Project("{FAE04EC0-301F-11D3-BF4B-00C04F79EFBC}") = "LaptopShopApp.Core", "LaptopShopApp.Core\LaptopShopApp.Core.csproj", "{1FA9B800-E43D-47FB-A5A5-9DF2538C3B1E}"
EndProject
Global
	GlobalSection(SolutionConfigurationPlatforms) = preSolution
		Debug|Any CPU = Debug|Any CPU
		Release|Any CPU = Release|Any CPU
	EndGlobalSection
	GlobalSection(ProjectConfigurationPlatforms) = postSolution
		{883AA9F1-30B0-40B3-AA50-C7A461362BC0}.Debug|Any CPU.ActiveCfg = Debug|Any CPU
		{883AA9F1-30B0-40B3-AA50-C7A461362BC0}.Debug|Any CPU.Build.0 = Debug|Any CPU
		{883AA9F1-30B0-40B3-AA50-C7A461362BC0}.Release|Any CPU.ActiveCfg = Release|Any CPU
		{883AA9F1-30B0-40B3-AA50-C7A461362BC0}.Release|Any CPU.Build.0 = Release|Any CPU
		{562E4361-7247-4E43-8E9B-C78AD5BCE783}.Debug|Any CPU.ActiveCfg = Debug|Any CPU
		{562E4361-7247-4E43-8E9B-C78AD5BCE783}.Debug|Any CPU.Build.0 = Debug|Any CPU
		{562E4361-7247-4E43-8E9B-C78AD5BCE783}.Release|Any CPU.ActiveCfg = Release|Any CPU
		{562E4361-7247-4E43-8E9B-C78AD5BCE783}.Release|Any CPU.Build.0 = Release|Any CPU
		{1FA9B800-E43D-47FB-A5A5-9DF2538C3B1E}.Debug|Any CPU.ActiveCfg = Debug|Any CPU
		{1FA9B800-E43D-47FB-A5A5-9DF2538C3B1E}.Debug|Any CPU.Build.0 = Debug|Any CPU
		{1FA9B800-E43D-47FB-A5A5-9DF2538C3B1E}.Release|Any CPU.ActiveCfg = Release|Any CPU
		{1FA9B800-E43D-47FB-A5A5-9DF2538C3B1E}.Release|Any CPU.Build.0 = Release|Any CPU
	EndGlobalSection
	GlobalSection(SolutionProperties) = preSolution
		HideSolutionNode = FALSE
	EndGlobalSection
	GlobalSection(ExtensibilityGlobals) = postSolution
		SolutionGuid = {D6516B5F-DB34-42C9-A08F-1928AF612620}
	EndGlobalSection
EndGlobal
